
Microsoft Visual Studio Solution File, Format Version 12.00
# Visual Studio Version 16
VisualStudioVersion = 16.0.30406.217
MinimumVisualStudioVersion = 10.0.40219.1
Project("{FAE04EC0-301F-11D3-BF4B-00C04F79EFBC}") = "NewRepoProject", "NewRepoProject\NewRepoProject.csproj", "{6F1CBD5A-EE1A-4C31-A03A-19CCEA018AB9}"
EndProject
Global
	GlobalSection(SolutionConfigurationPlatforms) = preSolution
		Debug|Any CPU = Debug|Any CPU
		Release|Any CPU = Release|Any CPU
	EndGlobalSection
	GlobalSection(ProjectConfigurationPlatforms) = postSolution
		{6F1CBD5A-EE1A-4C31-A03A-19CCEA018AB9}.Debug|Any CPU.ActiveCfg = Debug|Any CPU
		{6F1CBD5A-EE1A-4C31-A03A-19CCEA018AB9}.Debug|Any CPU.Build.0 = Debug|Any CPU
		{6F1CBD5A-EE1A-4C31-A03A-19CCEA018AB9}.Release|Any CPU.ActiveCfg = Release|Any CPU
		{6F1CBD5A-EE1A-4C31-A03A-19CCEA018AB9}.Release|Any CPU.Build.0 = Release|Any CPU
	EndGlobalSection
	GlobalSection(SolutionProperties) = preSolution
		HideSolutionNode = FALSE
	EndGlobalSection
	GlobalSection(ExtensibilityGlobals) = postSolution
		SolutionGuid = {C89EC3F2-4FC1-48F0-9676-2A90D58A4E8E}
	EndGlobalSection
EndGlobal
